schema: '2.0'
stages:
  prepare:
    cmd: echo "Verificando que los datos existen..."
    deps:
    - path: ../data/breast_cancer.csv
      hash: md5
      md5: 24d9881fad8cfb3d94f5276d372e422b
      size: 121955
  train:
    cmd: python3 train.py --n_estimators 300
    deps:
    - path: ../data/breast_cancer.csv
      hash: md5
      md5: 24d9881fad8cfb3d94f5276d372e422b
      size: 121955
    - path: ../requirements.txt
      hash: md5
      md5: 10866a314ad0cb665f0dabbf5498f0d3
      size: 199
    - path: train.py
      hash: md5
      md5: dd83b819d435bf4d11a83ae3f37ce798
      size: 2149
    params:
      params.yaml:
        train.n_estimators: 300
    outs:
    - path: ../models/model.pkl
      hash: md5
      md5: 46fde712cc0490f201f61653ed8c09bb
      size: 967497
      isexec: true
    - path: confusion_matrix.png
      hash: md5
      md5: e4691cf4f9e01c071055495bc37bbd92
      size: 14694
      isexec: true
    - path: mlflow_metrics.json
      hash: md5
      md5: ae6fdf4cd1a1056712bb663f39a6163b
      size: 31
      isexec: true
